
Microsoft Visual Studio Solution File, Format Version 12.00
# Visual Studio Version 17
VisualStudioVersion = 17.3.32929.385
MinimumVisualStudioVersion = 10.0.40219.1
Project("{9A19103F-16F7-4668-BE54-9A1E7A4F7556}") = "AutoDto", "AutoDto\AutoDto.csproj", "{B0DDB669-1DAD-4B0F-B86F-CAD9DF7230AB}"
EndProject
Project("{9A19103F-16F7-4668-BE54-9A1E7A4F7556}") = "AutoDto.Test", "AutoDto.Test\AutoDto.Test.csproj", "{29DEC037-7FB4-4B69-AF7D-3C9662048B7D}"
EndProject
Project("{FAE04EC0-301F-11D3-BF4B-00C04F79EFBC}") = "AutoDtoConfig", "AutoDtoConfig\AutoDtoConfig.csproj", "{472225C4-0A89-464E-A21A-1F3B6A054D30}"
EndProject
Global
	GlobalSection(SolutionConfigurationPlatforms) = preSolution
		Debug|Any CPU = Debug|Any CPU
		Release|Any CPU = Release|Any CPU
	EndGlobalSection
	GlobalSection(ProjectConfigurationPlatforms) = postSolution
		{B0DDB669-1DAD-4B0F-B86F-CAD9DF7230AB}.Debug|Any CPU.ActiveCfg = Debug|Any CPU
		{B0DDB669-1DAD-4B0F-B86F-CAD9DF7230AB}.Debug|Any CPU.Build.0 = Debug|Any CPU
		{B0DDB669-1DAD-4B0F-B86F-CAD9DF7230AB}.Release|Any CPU.ActiveCfg = Release|Any CPU
		{B0DDB669-1DAD-4B0F-B86F-CAD9DF7230AB}.Release|Any CPU.Build.0 = Release|Any CPU
		{29DEC037-7FB4-4B69-AF7D-3C9662048B7D}.Debug|Any CPU.ActiveCfg = Debug|Any CPU
		{29DEC037-7FB4-4B69-AF7D-3C9662048B7D}.Debug|Any CPU.Build.0 = Debug|Any CPU
		{29DEC037-7FB4-4B69-AF7D-3C9662048B7D}.Release|Any CPU.ActiveCfg = Release|Any CPU
		{29DEC037-7FB4-4B69-AF7D-3C9662048B7D}.Release|Any CPU.Build.0 = Release|Any CPU
		{472225C4-0A89-464E-A21A-1F3B6A054D30}.Debug|Any CPU.ActiveCfg = Debug|Any CPU
		{472225C4-0A89-464E-A21A-1F3B6A054D30}.Debug|Any CPU.Build.0 = Debug|Any CPU
		{472225C4-0A89-464E-A21A-1F3B6A054D30}.Release|Any CPU.ActiveCfg = Release|Any CPU
		{472225C4-0A89-464E-A21A-1F3B6A054D30}.Release|Any CPU.Build.0 = Release|Any CPU
	EndGlobalSection
	GlobalSection(SolutionProperties) = preSolution
		HideSolutionNode = FALSE
	EndGlobalSection
	GlobalSection(ExtensibilityGlobals) = postSolution
		SolutionGuid = {DAB75BEE-7D9A-4A02-86B9-E1ED0615B219}
	EndGlobalSection
EndGlobal
